
Microsoft Visual Studio Solution File, Format Version 12.00
# Visual Studio Version 17
VisualStudioVersion = 17.11.35312.102
MinimumVisualStudioVersion = 10.0.40219.1
Project("{FAE04EC0-301F-11D3-BF4B-00C04F79EFBC}") = "Disqueria_1_", "Disqueria_1_\Disqueria_1_.csproj", "{332DEB71-7EA5-47B6-A223-C7A19B16855D}"
EndProject
Project("{FAE04EC0-301F-11D3-BF4B-00C04F79EFBC}") = "dominio", "ClassLibrary1\dominio.csproj", "{D17260E8-224B-42BE-BDC2-013440D0E5EE}"
EndProject
Project("{FAE04EC0-301F-11D3-BF4B-00C04F79EFBC}") = "negocio", "negocio\negocio.csproj", "{8639E5FD-806C-4C7B-A730-97E394C7B824}"
EndProject
Global
	GlobalSection(SolutionConfigurationPlatforms) = preSolution
		Debug|Any CPU = Debug|Any CPU
		Release|Any CPU = Release|Any CPU
	EndGlobalSection
	GlobalSection(ProjectConfigurationPlatforms) = postSolution
		{332DEB71-7EA5-47B6-A223-C7A19B16855D}.Debug|Any CPU.ActiveCfg = Debug|Any CPU
		{332DEB71-7EA5-47B6-A223-C7A19B16855D}.Debug|Any CPU.Build.0 = Debug|Any CPU
		{332DEB71-7EA5-47B6-A223-C7A19B16855D}.Release|Any CPU.ActiveCfg = Release|Any CPU
		{332DEB71-7EA5-47B6-A223-C7A19B16855D}.Release|Any CPU.Build.0 = Release|Any CPU
		{D17260E8-224B-42BE-BDC2-013440D0E5EE}.Debug|Any CPU.ActiveCfg = Debug|Any CPU
		{D17260E8-224B-42BE-BDC2-013440D0E5EE}.Debug|Any CPU.Build.0 = Debug|Any CPU
		{D17260E8-224B-42BE-BDC2-013440D0E5EE}.Release|Any CPU.ActiveCfg = Release|Any CPU
		{D17260E8-224B-42BE-BDC2-013440D0E5EE}.Release|Any CPU.Build.0 = Release|Any CPU
		{8639E5FD-806C-4C7B-A730-97E394C7B824}.Debug|Any CPU.ActiveCfg = Debug|Any CPU
		{8639E5FD-806C-4C7B-A730-97E394C7B824}.Debug|Any CPU.Build.0 = Debug|Any CPU
		{8639E5FD-806C-4C7B-A730-97E394C7B824}.Release|Any CPU.ActiveCfg = Release|Any CPU
		{8639E5FD-806C-4C7B-A730-97E394C7B824}.Release|Any CPU.Build.0 = Release|Any CPU
	EndGlobalSection
	GlobalSection(SolutionProperties) = preSolution
		HideSolutionNode = FALSE
	EndGlobalSection
	GlobalSection(ExtensibilityGlobals) = postSolution
		SolutionGuid = {0A2924FC-C0A6-48A5-8A2D-DA7BA123E5BF}
	EndGlobalSection
EndGlobal
